
Microsoft Visual Studio Solution File, Format Version 12.00
# Visual Studio Version 17
VisualStudioVersion = 17.14.36603.0 d17.14
MinimumVisualStudioVersion = 10.0.40219.1
Project("{FAE04EC0-301F-11D3-BF4B-00C04F79EFBC}") = "esanchezS3", "esanchezS3.csproj", "{9AAEFC8B-39EA-48E2-8252-5BD0C39EADEE}"
EndProject
Global
	GlobalSection(SolutionConfigurationPlatforms) = preSolution
		Debug|Any CPU = Debug|Any CPU
		Release|Any CPU = Release|Any CPU
	EndGlobalSection
	GlobalSection(ProjectConfigurationPlatforms) = postSolution
		{9AAEFC8B-39EA-48E2-8252-5BD0C39EADEE}.Debug|Any CPU.ActiveCfg = Debug|Any CPU
		{9AAEFC8B-39EA-48E2-8252-5BD0C39EADEE}.Debug|Any CPU.Build.0 = Debug|Any CPU
		{9AAEFC8B-39EA-48E2-8252-5BD0C39EADEE}.Release|Any CPU.ActiveCfg = Release|Any CPU
		{9AAEFC8B-39EA-48E2-8252-5BD0C39EADEE}.Release|Any CPU.Build.0 = Release|Any CPU
	EndGlobalSection
	GlobalSection(SolutionProperties) = preSolution
		HideSolutionNode = FALSE
	EndGlobalSection
	GlobalSection(ExtensibilityGlobals) = postSolution
		SolutionGuid = {1FA9641C-683F-4D86-8D97-39A66696C70E}
	EndGlobalSection
EndGlobal
